
Microsoft Visual Studio Solution File, Format Version 12.00
# Visual Studio Version 17
VisualStudioVersion = 17.11.35222.181
MinimumVisualStudioVersion = 10.0.40219.1
Project("{FAE04EC0-301F-11D3-BF4B-00C04F79EFBC}") = "QLBanNuoc", "QLBanNuoc\QLBanNuoc.csproj", "{EA626ADB-4574-460A-ADB9-B9FCAD4F2625}"
EndProject
Global
	GlobalSection(SolutionConfigurationPlatforms) = preSolution
		Debug|Any CPU = Debug|Any CPU
		Release|Any CPU = Release|Any CPU
	EndGlobalSection
	GlobalSection(ProjectConfigurationPlatforms) = postSolution
		{EA626ADB-4574-460A-ADB9-B9FCAD4F2625}.Debug|Any CPU.ActiveCfg = Debug|Any CPU
		{EA626ADB-4574-460A-ADB9-B9FCAD4F2625}.Debug|Any CPU.Build.0 = Debug|Any CPU
		{EA626ADB-4574-460A-ADB9-B9FCAD4F2625}.Release|Any CPU.ActiveCfg = Release|Any CPU
		{EA626ADB-4574-460A-ADB9-B9FCAD4F2625}.Release|Any CPU.Build.0 = Release|Any CPU
	EndGlobalSection
	GlobalSection(SolutionProperties) = preSolution
		HideSolutionNode = FALSE
	EndGlobalSection
	GlobalSection(ExtensibilityGlobals) = postSolution
		SolutionGuid = {04581142-3F71-4A8E-8C1D-7D7356349AF1}
	EndGlobalSection
EndGlobal
